
Microsoft Visual Studio Solution File, Format Version 12.00
# Visual Studio Version 16
VisualStudioVersion = 16.0.31702.278
MinimumVisualStudioVersion = 10.0.40219.1
Project("{9A19103F-16F7-4668-BE54-9A1E7A4F7556}") = "CounterService", "CounterService\CounterService.csproj", "{D1AC0778-6B14-4AB9-B28F-831B91D91F78}"
EndProject
Project("{9A19103F-16F7-4668-BE54-9A1E7A4F7556}") = "BusinessLogicService", "BusinessLogicService\BusinessLogicService.csproj", "{E51C2D36-D79F-4E42-A4CE-5A09FAFBB0E7}"
EndProject
Project("{9A19103F-16F7-4668-BE54-9A1E7A4F7556}") = "CounterService.Api", "CounterService.Api\CounterService.Api.csproj", "{6648C0A4-920C-43F3-8F12-9794716DE008}"
EndProject
Global
	GlobalSection(SolutionConfigurationPlatforms) = preSolution
		Debug|Any CPU = Debug|Any CPU
		Release|Any CPU = Release|Any CPU
	EndGlobalSection
	GlobalSection(ProjectConfigurationPlatforms) = postSolution
		{D1AC0778-6B14-4AB9-B28F-831B91D91F78}.Debug|Any CPU.ActiveCfg = Debug|Any CPU
		{D1AC0778-6B14-4AB9-B28F-831B91D91F78}.Debug|Any CPU.Build.0 = Debug|Any CPU
		{D1AC0778-6B14-4AB9-B28F-831B91D91F78}.Release|Any CPU.ActiveCfg = Release|Any CPU
		{D1AC0778-6B14-4AB9-B28F-831B91D91F78}.Release|Any CPU.Build.0 = Release|Any CPU
		{E51C2D36-D79F-4E42-A4CE-5A09FAFBB0E7}.Debug|Any CPU.ActiveCfg = Debug|Any CPU
		{E51C2D36-D79F-4E42-A4CE-5A09FAFBB0E7}.Debug|Any CPU.Build.0 = Debug|Any CPU
		{E51C2D36-D79F-4E42-A4CE-5A09FAFBB0E7}.Release|Any CPU.ActiveCfg = Release|Any CPU
		{E51C2D36-D79F-4E42-A4CE-5A09FAFBB0E7}.Release|Any CPU.Build.0 = Release|Any CPU
		{6648C0A4-920C-43F3-8F12-9794716DE008}.Debug|Any CPU.ActiveCfg = Debug|Any CPU
		{6648C0A4-920C-43F3-8F12-9794716DE008}.Debug|Any CPU.Build.0 = Debug|Any CPU
		{6648C0A4-920C-43F3-8F12-9794716DE008}.Release|Any CPU.ActiveCfg = Release|Any CPU
		{6648C0A4-920C-43F3-8F12-9794716DE008}.Release|Any CPU.Build.0 = Release|Any CPU
	EndGlobalSection
	GlobalSection(SolutionProperties) = preSolution
		HideSolutionNode = FALSE
	EndGlobalSection
	GlobalSection(ExtensibilityGlobals) = postSolution
		SolutionGuid = {0C15D9C5-8D15-48D6-95AB-33C5FCCD0BD3}
	EndGlobalSection
EndGlobal
